
Microsoft Visual Studio Solution File, Format Version 12.00
# Visual Studio Version 16
VisualStudioVersion = 16.0.32002.261
MinimumVisualStudioVersion = 10.0.40219.1
Project("{FAE04EC0-301F-11D3-BF4B-00C04F79EFBC}") = "Bloggee", "Bloggee.csproj", "{B45167B9-B225-44B0-BE24-B1E703F56E09}"
EndProject
Global
	GlobalSection(SolutionConfigurationPlatforms) = preSolution
		Debug|Any CPU = Debug|Any CPU
		Release|Any CPU = Release|Any CPU
	EndGlobalSection
	GlobalSection(ProjectConfigurationPlatforms) = postSolution
		{B45167B9-B225-44B0-BE24-B1E703F56E09}.Debug|Any CPU.ActiveCfg = Debug|Any CPU
		{B45167B9-B225-44B0-BE24-B1E703F56E09}.Debug|Any CPU.Build.0 = Debug|Any CPU
		{B45167B9-B225-44B0-BE24-B1E703F56E09}.Release|Any CPU.ActiveCfg = Release|Any CPU
		{B45167B9-B225-44B0-BE24-B1E703F56E09}.Release|Any CPU.Build.0 = Release|Any CPU
	EndGlobalSection
	GlobalSection(SolutionProperties) = preSolution
		HideSolutionNode = FALSE
	EndGlobalSection
	GlobalSection(ExtensibilityGlobals) = postSolution
		SolutionGuid = {7189DCAC-AFAD-47D5-84E3-E003880C41EF}
	EndGlobalSection
EndGlobal
